github.com/google/uuid v1.6.0 h1:NIvaJDMOsjHA8n1jAhLSgzrAzy1Hgr+hNrb57e+94F0=
github.com/google/uuid v1.6.0/go.mod h1:TIyPZe4MgqvfeYDBFedMoGGpEw/LqOeaOT+nhxU+yHo=
github.com/gorilla/websocket v1.5.3 h1:saDtZ6Pbx/0u+bgYQ3q96pZgCzfhKXGPqt7kZ72aNNg=
github.com/gorilla/websocket v1.5.3/go.mod h1:YR8l580nyteQvAITg2hZ9XVh4b55+EU/adAjf1fMHhE=
github.com/yay101/embeddb v1.5.6 h1:apYSLaM73mTGnAJw8PtbjSqun/BH5R8fN4WZi0rb6XU=
github.com/yay101/embeddb v1.5.6/go.mod h1:XMW3ThV+1REFCmkvWogmNXpfinsJ3+AlDyqXbidKcHM=
github.com/yay101/embeddb v1.9.1 h1:y51OJ6KWK80LZ81nCitpPJrUeOuxla8Ti89CvEnwuIo=
github.com/yay101/embeddb v1.9.1/go.mod h1:ORCb1dvidjhgx61ij4UIN3RQVofDCnn3xE8p7vtZYhk=
github.com/yay101/embeddbcore v0.1.4 h1:DLhWoJtDMoxx/V5jhFjSUjk+E+sxeKJrSjg6FFi2xmY=
github.com/yay101/embeddbcore v0.1.4/go.mod h1:lUAbYOm+zaTjhO9ABKoyWpPHE8zsD4sOfaM2noNNs1o=
github.com/yay101/embeddbcore v0.5.1 h1:y28Vl+2T/L9lYHmcGPq9zLp/iF4nHI+m384xmji+jbY=
github.com/yay101/embeddbcore v0.5.1/go.mod h1:lUAbYOm+zaTjhO9ABKoyWpPHE8zsD4sOfaM2noNNs1o=
github.com/yay101/embeddbmmap v0.1.2 h1:QtKG/9VCSu1yXigHlGpgfnSxw2DZ4tFtT8aku6AXNTw=
github.com/yay101/embeddbmmap v0.1.2/go.mod h1:rEypeVToP1O8XqD/WEw438T9z19Hi9bdnpSnR4hOpNk=
golang.org/x/crypto v0.24.0 h1:mnl8DM0o513X8fdIkmyFE/5hTYxbwYOjDS/+rK6qpRI=
golang.org/x/crypto v0.24.0/go.mod h1:Z1PMYSOR5nyMcyAVAIQSKCDwalqy85Aqn1x3Ws4L5DM=
golang.org/x/net v0.21.0 h1:AQyQV4dYCvJ7vGmJyKki9+PBdyvhkSd8EIx/qb0AYv4=
golang.org/x/net v0.21.0/go.mod h1:bIjVDfnllIU7BJ2DNgfnXvpSvtn8VRwhlsaeUTyUS44=
golang.org/x/sys v0.43.0 h1:Rlag2XtaFTxp19wS8MXlJwTvoh8ArU6ezoyFsMyCTNI=
golang.org/x/sys v0.43.0/go.mod h1:4GL1E5IUh+htKOUEOaiffhrAeqysfVGipDYzABqnCmw=
golang.org/x/text v0.16.0 h1:a94ExnEXNtEwYLGJSIUxnWoxoRz/ZcCsV63ROupILh4=
golang.org/x/text v0.16.0/go.mod h1:GhwF1Be+LQoKShO3cGOHzqOgRrGaYc9AvblQOmPVHnI=
